// !$*UTF8*$!
{
	archiveVersion = 1;
	classes = {
	};
	objectVersion = 52;
	objects = {

/* Begin PBXBuildFile section */
		B502F54726B6E4D1009635C2 /* HeartRateLabel.swift in Sources */ = {isa = PBXBuildFile; fileRef = B502F54526B6E382009635C2 /* HeartRateLabel.swift */; };
		B556294B26C58ED4001DD83B /* TrackedCalories.swift in Sources */ = {isa = PBXBuildFile; fileRef = B556294A26C58ED4001DD83B /* TrackedCalories.swift */; };
		B5E1E20F26B5552500F44092 /* WatchWorkoutApp.swift in Sources */ = {isa = PBXBuildFile; fileRef = B5E1E20E26B5552500F44092 /* WatchWorkoutApp.swift */; };
		B5E1E21126B5552500F44092 /* ContentView.swift in Sources */ = {isa = PBXBuildFile; fileRef = B5E1E21026B5552500F44092 /* ContentView.swift */; };
		B5E1E21326B5552600F44092 /* Assets.xcassets in Resources */ = {isa = PBXBuildFile; fileRef = B5E1E21226B5552600F44092 /* Assets.xcassets */; };
		B5E1E21626B5552600F44092 /* Preview Assets.xcassets in Resources */ = {isa = PBXBuildFile; fileRef = B5E1E21526B5552600F44092 /* Preview Assets.xcassets */; };
		B5E1E22226B5559A00F44092 /* Assets.xcassets in Resources */ = {isa = PBXBuildFile; fileRef = B5E1E22126B5559A00F44092 /* Assets.xcassets */; };
		B5E1E22926B5559A00F44092 /* TestHarness_Watch Extension.appex in Embed App Extensions */ = {isa = PBXBuildFile; fileRef = B5E1E22826B5559A00F44092 /* TestHarness_Watch Extension.appex */; settings = {ATTRIBUTES = (RemoveHeadersOnCopy, ); }; };
		B5E1E22E26B5559A00F44092 /* ContentView.swift in Sources */ = {isa = PBXBuildFile; fileRef = B5E1E22D26B5559A00F44092 /* ContentView.swift */; };
		B5E1E23026B5559A00F44092 /* WatchWorkoutApp.swift in Sources */ = {isa = PBXBuildFile; fileRef = B5E1E22F26B5559A00F44092 /* WatchWorkoutApp.swift */; };
		B5E1E23226B5559A00F44092 /* ComplicationController.swift in Sources */ = {isa = PBXBuildFile; fileRef = B5E1E23126B5559A00F44092 /* ComplicationController.swift */; };
		B5E1E23426B5559A00F44092 /* Assets.xcassets in Resources */ = {isa = PBXBuildFile; fileRef = B5E1E23326B5559A00F44092 /* Assets.xcassets */; };
		B5E1E23726B5559A00F44092 /* Preview Assets.xcassets in Resources */ = {isa = PBXBuildFile; fileRef = B5E1E23626B5559A00F44092 /* Preview Assets.xcassets */; };
		B5E1E23B26B5559A00F44092 /* TestHarness_Watch.app in Embed Watch Content */ = {isa = PBXBuildFile; fileRef = B5E1E21F26B5559900F44092 /* TestHarness_Watch.app */; settings = {ATTRIBUTES = (RemoveHeadersOnCopy, ); }; };
		B5E1E24526B5568400F44092 /* WatchWorkoutManager.swift in Sources */ = {isa = PBXBuildFile; fileRef = B5E1E24426B5568400F44092 /* WatchWorkoutManager.swift */; };
		B5E1E24B26B556F000F44092 /* Portal in Frameworks */ = {isa = PBXBuildFile; productRef = B5E1E24A26B556F000F44092 /* Portal */; };
		B5E1E24E26B5570000F44092 /* Suite in Frameworks */ = {isa = PBXBuildFile; productRef = B5E1E24D26B5570000F44092 /* Suite */; };
		B5E1E25226B5583900F44092 /* WatchWorkout.swift in Sources */ = {isa = PBXBuildFile; fileRef = B5E1E25126B5583900F44092 /* WatchWorkout.swift */; };
		B5E1E25426B55DF500F44092 /* WatchWorkout+Delegates.swift in Sources */ = {isa = PBXBuildFile; fileRef = B5E1E25326B55DF500F44092 /* WatchWorkout+Delegates.swift */; };
		B5E1E25626B55E7700F44092 /* HealthKit+Extensions.swift in Sources */ = {isa = PBXBuildFile; fileRef = B5E1E25526B55E7700F44092 /* HealthKit+Extensions.swift */; };
		B5E1E25826B55EC700F44092 /* WatchWorkout+Errors.swift in Sources */ = {isa = PBXBuildFile; fileRef = B5E1E25726B55EC700F44092 /* WatchWorkout+Errors.swift */; };
		B5E1E25A26B5609E00F44092 /* WatchWorkout.Phase.swift in Sources */ = {isa = PBXBuildFile; fileRef = B5E1E25926B5609E00F44092 /* WatchWorkout.Phase.swift */; };
		B5E1E25C26B6A80F00F44092 /* WatchWorkout+Samples.swift in Sources */ = {isa = PBXBuildFile; fileRef = B5E1E25B26B6A80F00F44092 /* WatchWorkout+Samples.swift */; };
		B5E1E25E26B6B35900F44092 /* HeartRateMonitor.swift in Sources */ = {isa = PBXBuildFile; fileRef = B5E1E25D26B6B35900F44092 /* HeartRateMonitor.swift */; };
		B5ED3B0726C9B0B400F4577D /* WatchWorkout+String.swift in Sources */ = {isa = PBXBuildFile; fileRef = B5ED3B0626C9B0B400F4577D /* WatchWorkout+String.swift */; };
		B5F6243226B5A2F900F7A897 /* WatchWorkout+Internal.swift in Sources */ = {isa = PBXBuildFile; fileRef = B5F6243126B5A2F900F7A897 /* WatchWorkout+Internal.swift */; };
		B5F6243426B5AB1500F7A897 /* WorkoutDetailsView.swift in Sources */ = {isa = PBXBuildFile; fileRef = B5F6243326B5AB1500F7A897 /* WorkoutDetailsView.swift */; };
		B5F6243826B5ADCC00F7A897 /* HealthKit.framework in Frameworks */ = {isa = PBXBuildFile; fileRef = B5F6243726B5ADCC00F7A897 /* HealthKit.framework */; };
		B5F6243B26B5AED900F7A897 /* HealthKit.framework in Frameworks */ = {isa = PBXBuildFile; fileRef = B5F6243A26B5AED900F7A897 /* HealthKit.framework */; };
/* End PBXBuildFile section */

/* Begin PBXContainerItemProxy section */
		B5E1E22A26B5559A00F44092 /* PBXContainerItemProxy */ = {
			isa = PBXContainerItemProxy;
			containerPortal = B5E1E20326B5552500F44092 /* Project object */;
			proxyType = 1;
			remoteGlobalIDString = B5E1E22726B5559A00F44092;
			remoteInfo = "TestHarness_Watch Extension";
		};
		B5E1E23926B5559A00F44092 /* PBXContainerItemProxy */ = {
			isa = PBXContainerItemProxy;
			containerPortal = B5E1E20326B5552500F44092 /* Project object */;
			proxyType = 1;
			remoteGlobalIDString = B5E1E21E26B5559900F44092;
			remoteInfo = TestHarness_Watch;
		};
/* End PBXContainerItemProxy section */

/* Begin PBXCopyFilesBuildPhase section */
		B5E1E23F26B5559A00F44092 /* Embed App Extensions */ = {
			isa = PBXCopyFilesBuildPhase;
			buildActionMask = 2147483647;
			dstPath = "";
			dstSubfolderSpec = 13;
			files = (
				B5E1E22926B5559A00F44092 /* TestHarness_Watch Extension.appex in Embed App Extensions */,
			);
			name = "Embed App Extensions";
			runOnlyForDeploymentPostprocessing = 0;
		};
		B5E1E24326B5559A00F44092 /* Embed Watch Content */ = {
			isa = PBXCopyFilesBuildPhase;
			buildActionMask = 2147483647;
			dstPath = "$(CONTENTS_FOLDER_PATH)/Watch";
			dstSubfolderSpec = 16;
			files = (
				B5E1E23B26B5559A00F44092 /* TestHarness_Watch.app in Embed Watch Content */,
			);
			name = "Embed Watch Content";
			runOnlyForDeploymentPostprocessing = 0;
		};
/* End PBXCopyFilesBuildPhase section */

/* Begin PBXFileReference section */
		B502F54526B6E382009635C2 /* HeartRateLabel.swift */ = {isa = PBXFileReference; lastKnownFileType = sourcecode.swift; path = HeartRateLabel.swift; sourceTree = "<group>"; };
		B556294A26C58ED4001DD83B /* TrackedCalories.swift */ = {isa = PBXFileReference; lastKnownFileType = sourcecode.swift; path = TrackedCalories.swift; sourceTree = "<group>"; };
		B5E1E20B26B5552500F44092 /* TestHarness_Phone.app */ = {isa = PBXFileReference; explicitFileType = wrapper.application; includeInIndex = 0; path = TestHarness_Phone.app; sourceTree = BUILT_PRODUCTS_DIR; };
		B5E1E20E26B5552500F44092 /* WatchWorkoutApp.swift */ = {isa = PBXFileReference; lastKnownFileType = sourcecode.swift; path = WatchWorkoutApp.swift; sourceTree = "<group>"; };
		B5E1E21026B5552500F44092 /* ContentView.swift */ = {isa = PBXFileReference; lastKnownFileType = sourcecode.swift; path = ContentView.swift; sourceTree = "<group>"; };
		B5E1E21226B5552600F44092 /* Assets.xcassets */ = {isa = PBXFileReference; lastKnownFileType = folder.assetcatalog; path = Assets.xcassets; sourceTree = "<group>"; };
		B5E1E21526B5552600F44092 /* Preview Assets.xcassets */ = {isa = PBXFileReference; lastKnownFileType = folder.assetcatalog; path = "Preview Assets.xcassets"; sourceTree = "<group>"; };
		B5E1E21726B5552600F44092 /* Info.plist */ = {isa = PBXFileReference; lastKnownFileType = text.plist.xml; path = Info.plist; sourceTree = "<group>"; };
		B5E1E21F26B5559900F44092 /* TestHarness_Watch.app */ = {isa = PBXFileReference; explicitFileType = wrapper.application; includeInIndex = 0; path = TestHarness_Watch.app; sourceTree = BUILT_PRODUCTS_DIR; };
		B5E1E22126B5559A00F44092 /* Assets.xcassets */ = {isa = PBXFileReference; lastKnownFileType = folder.assetcatalog; path = Assets.xcassets; sourceTree = "<group>"; };
		B5E1E22326B5559A00F44092 /* Info.plist */ = {isa = PBXFileReference; lastKnownFileType = text.plist.xml; path = Info.plist; sourceTree = "<group>"; };
		B5E1E22826B5559A00F44092 /* TestHarness_Watch Extension.appex */ = {isa = PBXFileReference; explicitFileType = "wrapper.app-extension"; includeInIndex = 0; path = "TestHarness_Watch Extension.appex"; sourceTree = BUILT_PRODUCTS_DIR; };
		B5E1E22D26B5559A00F44092 /* ContentView.swift */ = {isa = PBXFileReference; lastKnownFileType = sourcecode.swift; path = ContentView.swift; sourceTree = "<group>"; };
		B5E1E22F26B5559A00F44092 /* WatchWorkoutApp.swift */ = {isa = PBXFileReference; lastKnownFileType = sourcecode.swift; path = WatchWorkoutApp.swift; sourceTree = "<group>"; };
		B5E1E23126B5559A00F44092 /* ComplicationController.swift */ = {isa = PBXFileReference; lastKnownFileType = sourcecode.swift; path = ComplicationController.swift; sourceTree = "<group>"; };
		B5E1E23326B5559A00F44092 /* Assets.xcassets */ = {isa = PBXFileReference; lastKnownFileType = folder.assetcatalog; path = Assets.xcassets; sourceTree = "<group>"; };
		B5E1E23626B5559A00F44092 /* Preview Assets.xcassets */ = {isa = PBXFileReference; lastKnownFileType = folder.assetcatalog; path = "Preview Assets.xcassets"; sourceTree = "<group>"; };
		B5E1E23826B5559A00F44092 /* Info.plist */ = {isa = PBXFileReference; lastKnownFileType = text.plist.xml; path = Info.plist; sourceTree = "<group>"; };
		B5E1E24426B5568400F44092 /* WatchWorkoutManager.swift */ = {isa = PBXFileReference; lastKnownFileType = sourcecode.swift; path = WatchWorkoutManager.swift; sourceTree = "<group>"; };
		B5E1E24F26B5575500F44092 /* Portal */ = {isa = PBXFileReference; lastKnownFileType = folder; name = Portal; path = ../Portal; sourceTree = "<group>"; };
		B5E1E25026B5577500F44092 /* Suite */ = {isa = PBXFileReference; lastKnownFileType = folder; name = Suite; path = ../Suite; sourceTree = "<group>"; };
		B5E1E25126B5583900F44092 /* WatchWorkout.swift */ = {isa = PBXFileReference; lastKnownFileType = sourcecode.swift; path = WatchWorkout.swift; sourceTree = "<group>"; };
		B5E1E25326B55DF500F44092 /* WatchWorkout+Delegates.swift */ = {isa = PBXFileReference; lastKnownFileType = sourcecode.swift; path = "WatchWorkout+Delegates.swift"; sourceTree = "<group>"; };
		B5E1E25526B55E7700F44092 /* HealthKit+Extensions.swift */ = {isa = PBXFileReference; lastKnownFileType = sourcecode.swift; path = "HealthKit+Extensions.swift"; sourceTree = "<group>"; };
		B5E1E25726B55EC700F44092 /* WatchWorkout+Errors.swift */ = {isa = PBXFileReference; lastKnownFileType = sourcecode.swift; path = "WatchWorkout+Errors.swift"; sourceTree = "<group>"; };
		B5E1E25926B5609E00F44092 /* WatchWorkout.Phase.swift */ = {isa = PBXFileReference; lastKnownFileType = sourcecode.swift; path = WatchWorkout.Phase.swift; sourceTree = "<group>"; };
		B5E1E25B26B6A80F00F44092 /* WatchWorkout+Samples.swift */ = {isa = PBXFileReference; lastKnownFileType = sourcecode.swift; path = "WatchWorkout+Samples.swift"; sourceTree = "<group>"; };
		B5E1E25D26B6B35900F44092 /* HeartRateMonitor.swift */ = {isa = PBXFileReference; lastKnownFileType = sourcecode.swift; path = HeartRateMonitor.swift; sourceTree = "<group>"; };
		B5E1E25F26B6B4FD00F44092 /* Package.swift */ = {isa = PBXFileReference; lastKnownFileType = sourcecode.swift; path = Package.swift; sourceTree = "<group>"; };
		B5ED3B0626C9B0B400F4577D /* WatchWorkout+String.swift */ = {isa = PBXFileReference; lastKnownFileType = sourcecode.swift; path = "WatchWorkout+String.swift"; sourceTree = "<group>"; };
		B5F6243126B5A2F900F7A897 /* WatchWorkout+Internal.swift */ = {isa = PBXFileReference; lastKnownFileType = sourcecode.swift; path = "WatchWorkout+Internal.swift"; sourceTree = "<group>"; };
		B5F6243326B5AB1500F7A897 /* WorkoutDetailsView.swift */ = {isa = PBXFileReference; lastKnownFileType = sourcecode.swift; path = WorkoutDetailsView.swift; sourceTree = "<group>"; };
		B5F6243526B5ADCC00F7A897 /* TestHarness_Watch Extension.entitlements */ = {isa = PBXFileReference; lastKnownFileType = text.plist.entitlements; path = "TestHarness_Watch Extension.entitlements"; sourceTree = "<group>"; };
		B5F6243726B5ADCC00F7A897 /* HealthKit.framework */ = {isa = PBXFileReference; lastKnownFileType = wrapper.framework; name = HealthKit.framework; path = Platforms/WatchOS.platform/Developer/SDKs/WatchOS7.4.sdk/System/Library/Frameworks/HealthKit.framework; sourceTree = DEVELOPER_DIR; };
		B5F6243926B5AED900F7A897 /* TestHarness_Phone.entitlements */ = {isa = PBXFileReference; lastKnownFileType = text.plist.entitlements; path = TestHarness_Phone.entitlements; sourceTree = "<group>"; };
		B5F6243A26B5AED900F7A897 /* HealthKit.framework */ = {isa = PBXFileReference; lastKnownFileType = wrapper.framework; name = HealthKit.framework; path = System/Library/Frameworks/HealthKit.framework; sourceTree = SDKROOT; };
/* End PBXFileReference section */

/* Begin PBXFrameworksBuildPhase section */
		B5E1E20826B5552500F44092 /* Frameworks */ = {
			isa = PBXFrameworksBuildPhase;
			buildActionMask = 2147483647;
			files = (
				B5F6243B26B5AED900F7A897 /* HealthKit.framework in Frameworks */,
			);
			runOnlyForDeploymentPostprocessing = 0;
		};
		B5E1E22526B5559A00F44092 /* Frameworks */ = {
			isa = PBXFrameworksBuildPhase;
			buildActionMask = 2147483647;
			files = (
				B5F6243826B5ADCC00F7A897 /* HealthKit.framework in Frameworks */,
				B5E1E24B26B556F000F44092 /* Portal in Frameworks */,
				B5E1E24E26B5570000F44092 /* Suite in Frameworks */,
			);
			runOnlyForDeploymentPostprocessing = 0;
		};
/* End PBXFrameworksBuildPhase section */

/* Begin PBXGroup section */
		B5E1E20226B5552500F44092 = {
			isa = PBXGroup;
			children = (
				B5E1E25F26B6B4FD00F44092 /* Package.swift */,
				B5F6243926B5AED900F7A897 /* TestHarness_Phone.entitlements */,
				B5E1E25026B5577500F44092 /* Suite */,
				B5E1E24F26B5575500F44092 /* Portal */,
				B5E1E24726B5569B00F44092 /* Source */,
				B5E1E20D26B5552500F44092 /* Test Harness */,
				B5E1E22026B5559900F44092 /* TestHarness_Watch */,
				B5E1E22C26B5559A00F44092 /* TestHarness_Watch Extension */,
				B5E1E20C26B5552500F44092 /* Products */,
				B5F6243626B5ADCC00F7A897 /* Frameworks */,
			);
			sourceTree = "<group>";
		};
		B5E1E20C26B5552500F44092 /* Products */ = {
			isa = PBXGroup;
			children = (
				B5E1E20B26B5552500F44092 /* TestHarness_Phone.app */,
				B5E1E21F26B5559900F44092 /* TestHarness_Watch.app */,
				B5E1E22826B5559A00F44092 /* TestHarness_Watch Extension.appex */,
			);
			name = Products;
			sourceTree = "<group>";
		};
		B5E1E20D26B5552500F44092 /* Test Harness */ = {
			isa = PBXGroup;
			children = (
				B5E1E20E26B5552500F44092 /* WatchWorkoutApp.swift */,
				B5E1E21026B5552500F44092 /* ContentView.swift */,
				B5E1E21226B5552600F44092 /* Assets.xcassets */,
				B5E1E21726B5552600F44092 /* Info.plist */,
				B5E1E21426B5552600F44092 /* Preview Content */,
			);
			path = "Test Harness";
			sourceTree = "<group>";
		};
		B5E1E21426B5552600F44092 /* Preview Content */ = {
			isa = PBXGroup;
			children = (
				B5E1E21526B5552600F44092 /* Preview Assets.xcassets */,
			);
			path = "Preview Content";
			sourceTree = "<group>";
		};
		B5E1E22026B5559900F44092 /* TestHarness_Watch */ = {
			isa = PBXGroup;
			children = (
				B5E1E22126B5559A00F44092 /* Assets.xcassets */,
				B5E1E22326B5559A00F44092 /* Info.plist */,
			);
			path = TestHarness_Watch;
			sourceTree = "<group>";
		};
		B5E1E22C26B5559A00F44092 /* TestHarness_Watch Extension */ = {
			isa = PBXGroup;
			children = (
				B5F6243526B5ADCC00F7A897 /* TestHarness_Watch Extension.entitlements */,
				B5E1E22F26B5559A00F44092 /* WatchWorkoutApp.swift */,
				B5E1E22D26B5559A00F44092 /* ContentView.swift */,
				B5F6243326B5AB1500F7A897 /* WorkoutDetailsView.swift */,
				B502F54526B6E382009635C2 /* HeartRateLabel.swift */,
				B5E1E23126B5559A00F44092 /* ComplicationController.swift */,
				B5E1E23326B5559A00F44092 /* Assets.xcassets */,
				B5E1E23826B5559A00F44092 /* Info.plist */,
				B5E1E23526B5559A00F44092 /* Preview Content */,
			);
			path = "TestHarness_Watch Extension";
			sourceTree = "<group>";
		};
		B5E1E23526B5559A00F44092 /* Preview Content */ = {
			isa = PBXGroup;
			children = (
				B5E1E23626B5559A00F44092 /* Preview Assets.xcassets */,
			);
			path = "Preview Content";
			sourceTree = "<group>";
		};
		B5E1E24726B5569B00F44092 /* Source */ = {
			isa = PBXGroup;
			children = (
				B5E1E24826B556B500F44092 /* WatchWorkout */,
			);
			path = Source;
			sourceTree = "<group>";
		};
		B5E1E24826B556B500F44092 /* WatchWorkout */ = {
			isa = PBXGroup;
			children = (
				B5E1E24426B5568400F44092 /* WatchWorkoutManager.swift */,
				B5E1E25D26B6B35900F44092 /* HeartRateMonitor.swift */,
				B5E1E25126B5583900F44092 /* WatchWorkout.swift */,
				B5ED3B0626C9B0B400F4577D /* WatchWorkout+String.swift */,
				B5F6243126B5A2F900F7A897 /* WatchWorkout+Internal.swift */,
				B5E1E25926B5609E00F44092 /* WatchWorkout.Phase.swift */,
				B5E1E25726B55EC700F44092 /* WatchWorkout+Errors.swift */,
				B5E1E25326B55DF500F44092 /* WatchWorkout+Delegates.swift */,
				B556294A26C58ED4001DD83B /* TrackedCalories.swift */,
				B5E1E25B26B6A80F00F44092 /* WatchWorkout+Samples.swift */,
				B5E1E25526B55E7700F44092 /* HealthKit+Extensions.swift */,
			);
			path = WatchWorkout;
			sourceTree = "<group>";
		};
		B5F6243626B5ADCC00F7A897 /* Frameworks */ = {
			isa = PBXGroup;
			children = (
				B5F6243A26B5AED900F7A897 /* HealthKit.framework */,
				B5F6243726B5ADCC00F7A897 /* HealthKit.framework */,
			);
			name = Frameworks;
			sourceTree = "<group>";
		};
/* End PBXGroup section */

/* Begin PBXNativeTarget section */
		B5E1E20A26B5552500F44092 /* TestHarness_Phone */ = {
			isa = PBXNativeTarget;
			buildConfigurationList = B5E1E21A26B5552600F44092 /* Build configuration list for PBXNativeTarget "TestHarness_Phone" */;
			buildPhases = (
				B5E1E20726B5552500F44092 /* Sources */,
				B5E1E20826B5552500F44092 /* Frameworks */,
				B5E1E20926B5552500F44092 /* Resources */,
				B5E1E24326B5559A00F44092 /* Embed Watch Content */,
			);
			buildRules = (
			);
			dependencies = (
				B5E1E23A26B5559A00F44092 /* PBXTargetDependency */,
			);
			name = TestHarness_Phone;
			productName = WatchWorkout;
			productReference = B5E1E20B26B5552500F44092 /* TestHarness_Phone.app */;
			productType = "com.apple.product-type.application";
		};
		B5E1E21E26B5559900F44092 /* TestHarness_Watch */ = {
			isa = PBXNativeTarget;
			buildConfigurationList = B5E1E24026B5559A00F44092 /* Build configuration list for PBXNativeTarget "TestHarness_Watch" */;
			buildPhases = (
				B5E1E21D26B5559900F44092 /* Resources */,
				B5E1E23F26B5559A00F44092 /* Embed App Extensions */,
			);
			buildRules = (
			);
			dependencies = (
				B5E1E22B26B5559A00F44092 /* PBXTargetDependency */,
			);
			name = TestHarness_Watch;
			productName = TestHarness_Watch;
			productReference = B5E1E21F26B5559900F44092 /* TestHarness_Watch.app */;
			productType = "com.apple.product-type.application.watchapp2";
		};
		B5E1E22726B5559A00F44092 /* TestHarness_Watch Extension */ = {
			isa = PBXNativeTarget;
			buildConfigurationList = B5E1E23C26B5559A00F44092 /* Build configuration list for PBXNativeTarget "TestHarness_Watch Extension" */;
			buildPhases = (
				B5E1E22426B5559A00F44092 /* Sources */,
				B5E1E22526B5559A00F44092 /* Frameworks */,
				B5E1E22626B5559A00F44092 /* Resources */,
			);
			buildRules = (
			);
			dependencies = (
			);
			name = "TestHarness_Watch Extension";
			packageProductDependencies = (
				B5E1E24A26B556F000F44092 /* Portal */,
				B5E1E24D26B5570000F44092 /* Suite */,
			);
			productName = "TestHarness_Watch Extension";
			productReference = B5E1E22826B5559A00F44092 /* TestHarness_Watch Extension.appex */;
			productType = "com.apple.product-type.watchkit2-extension";
		};
/* End PBXNativeTarget section */

/* Begin PBXProject section */
		B5E1E20326B5552500F44092 /* Project object */ = {
			isa = PBXProject;
			attributes = {
				LastSwiftUpdateCheck = 1250;
				LastUpgradeCheck = 1250;
				TargetAttributes = {
					B5E1E20A26B5552500F44092 = {
						CreatedOnToolsVersion = 12.5;
					};
					B5E1E21E26B5559900F44092 = {
						CreatedOnToolsVersion = 12.5;
					};
					B5E1E22726B5559A00F44092 = {
						CreatedOnToolsVersion = 12.5;
					};
				};
			};
			buildConfigurationList = B5E1E20626B5552500F44092 /* Build configuration list for PBXProject "WatchWorkout" */;
			compatibilityVersion = "Xcode 9.3";
			developmentRegion = en;
			hasScannedForEncodings = 0;
			knownRegions = (
				en,
				Base,
			);
			mainGroup = B5E1E20226B5552500F44092;
			packageReferences = (
				B5E1E24926B556F000F44092 /* XCRemoteSwiftPackageReference "portal" */,
				B5E1E24C26B5570000F44092 /* XCRemoteSwiftPackageReference "suite" */,
			);
			productRefGroup = B5E1E20C26B5552500F44092 /* Products */;
			projectDirPath = "";
			projectRoot = "";
			targets = (
				B5E1E20A26B5552500F44092 /* TestHarness_Phone */,
				B5E1E21E26B5559900F44092 /* TestHarness_Watch */,
				B5E1E22726B5559A00F44092 /* TestHarness_Watch Extension */,
			);
		};
/* End PBXProject section */

/* Begin PBXResourcesBuildPhase section */
		B5E1E20926B5552500F44092 /* Resources */ = {
			isa = PBXResourcesBuildPhase;
			buildActionMask = 2147483647;
			files = (
				B5E1E21626B5552600F44092 /* Preview Assets.xcassets in Resources */,
				B5E1E21326B5552600F44092 /* Assets.xcassets in Resources */,
			);
			runOnlyForDeploymentPostprocessing = 0;
		};
		B5E1E21D26B5559900F44092 /* Resources */ = {
			isa = PBXResourcesBuildPhase;
			buildActionMask = 2147483647;
			files = (
				B5E1E22226B5559A00F44092 /* Assets.xcassets in Resources */,
			);
			runOnlyForDeploymentPostprocessing = 0;
		};
		B5E1E22626B5559A00F44092 /* Resources */ = {
			isa = PBXResourcesBuildPhase;
			buildActionMask = 2147483647;
			files = (
				B5E1E23726B5559A00F44092 /* Preview Assets.xcassets in Resources */,
				B5E1E23426B5559A00F44092 /* Assets.xcassets in Resources */,
			);
			runOnlyForDeploymentPostprocessing = 0;
		};
/* End PBXResourcesBuildPhase section */

/* Begin PBXSourcesBuildPhase section */
		B5E1E20726B5552500F44092 /* Sources */ = {
			isa = PBXSourcesBuildPhase;
			buildActionMask = 2147483647;
			files = (
				B5E1E21126B5552500F44092 /* ContentView.swift in Sources */,
				B5E1E20F26B5552500F44092 /* WatchWorkoutApp.swift in Sources */,
			);
			runOnlyForDeploymentPostprocessing = 0;
		};
		B5E1E22426B5559A00F44092 /* Sources */ = {
			isa = PBXSourcesBuildPhase;
			buildActionMask = 2147483647;
			files = (
				B5E1E22E26B5559A00F44092 /* ContentView.swift in Sources */,
				B5E1E25226B5583900F44092 /* WatchWorkout.swift in Sources */,
				B5F6243226B5A2F900F7A897 /* WatchWorkout+Internal.swift in Sources */,
				B502F54726B6E4D1009635C2 /* HeartRateLabel.swift in Sources */,
				B5E1E25626B55E7700F44092 /* HealthKit+Extensions.swift in Sources */,
				B5E1E25E26B6B35900F44092 /* HeartRateMonitor.swift in Sources */,
				B5E1E24526B5568400F44092 /* WatchWorkoutManager.swift in Sources */,
				B5E1E23026B5559A00F44092 /* WatchWorkoutApp.swift in Sources */,
				B5ED3B0726C9B0B400F4577D /* WatchWorkout+String.swift in Sources */,
				B5E1E25A26B5609E00F44092 /* WatchWorkout.Phase.swift in Sources */,
				B5E1E25426B55DF500F44092 /* WatchWorkout+Delegates.swift in Sources */,
				B5E1E25826B55EC700F44092 /* WatchWorkout+Errors.swift in Sources */,
				B5F6243426B5AB1500F7A897 /* WorkoutDetailsView.swift in Sources */,
				B5E1E23226B5559A00F44092 /* ComplicationController.swift in Sources */,
				B5E1E25C26B6A80F00F44092 /* WatchWorkout+Samples.swift in Sources */,
				B556294B26C58ED4001DD83B /* TrackedCalories.swift in Sources */,
			);
			runOnlyForDeploymentPostprocessing = 0;
		};
/* End PBXSourcesBuildPhase section */

/* Begin PBXTargetDependency section */
		B5E1E22B26B5559A00F44092 /* PBXTargetDependency */ = {
			isa = PBXTargetDependency;
			target = B5E1E22726B5559A00F44092 /* TestHarness_Watch Extension */;
			targetProxy = B5E1E22A26B5559A00F44092 /* PBXContainerItemProxy */;
		};
		B5E1E23A26B5559A00F44092 /* PBXTargetDependency */ = {
			isa = PBXTargetDependency;
			target = B5E1E21E26B5559900F44092 /* TestHarness_Watch */;
			targetProxy = B5E1E23926B5559A00F44092 /* PBXContainerItemProxy */;
		};
/* End PBXTargetDependency section */

/* Begin XCBuildConfiguration section */
		B5E1E21826B5552600F44092 /* Debug */ = {
			isa = XCBuildConfiguration;
			buildSettings = {
				ALWAYS_SEARCH_USER_PATHS = NO;
				CLANG_ANALYZER_NONNULL = YES;
				CLANG_ANALYZER_NUMBER_OBJECT_CONVERSION = YES_AGGRESSIVE;
				CLANG_CXX_LANGUAGE_STANDARD = "gnu++14";
				CLANG_CXX_LIBRARY = "libc++";
				CLANG_ENABLE_MODULES = YES;
				CLANG_ENABLE_OBJC_ARC = YES;
				CLANG_ENABLE_OBJC_WEAK = YES;
				CLANG_WARN_BLOCK_CAPTURE_AUTORELEASING = YES;
				CLANG_WARN_BOOL_CONVERSION = YES;
				CLANG_WARN_COMMA = YES;
				CLANG_WARN_CONSTANT_CONVERSION = YES;
				CLANG_WARN_DEPRECATED_OBJC_IMPLEMENTATIONS = YES;
				CLANG_WARN_DIRECT_OBJC_ISA_USAGE = YES_ERROR;
				CLANG_WARN_DOCUMENTATION_COMMENTS = YES;
				CLANG_WARN_EMPTY_BODY = YES;
				CLANG_WARN_ENUM_CONVERSION = YES;
				CLANG_WARN_INFINITE_RECURSION = YES;
				CLANG_WARN_INT_CONVERSION = YES;
				CLANG_WARN_NON_LITERAL_NULL_CONVERSION = YES;
				CLANG_WARN_OBJC_IMPLICIT_RETAIN_SELF = YES;
				CLANG_WARN_OBJC_LITERAL_CONVERSION = YES;
				CLANG_WARN_OBJC_ROOT_CLASS = YES_ERROR;
				CLANG_WARN_QUOTED_INCLUDE_IN_FRAMEWORK_HEADER = YES;
				CLANG_WARN_RANGE_LOOP_ANALYSIS = YES;
				CLANG_WARN_STRICT_PROTOTYPES = YES;
				CLANG_WARN_SUSPICIOUS_MOVE = YES;
				CLANG_WARN_UNGUARDED_AVAILABILITY = YES_AGGRESSIVE;
				CLANG_WARN_UNREACHABLE_CODE = YES;
				CLANG_WARN__DUPLICATE_METHOD_MATCH = YES;
				COPY_PHASE_STRIP = NO;
				DEBUG_INFORMATION_FORMAT = dwarf;
				ENABLE_STRICT_OBJC_MSGSEND = YES;
				ENABLE_TESTABILITY = YES;
				GCC_C_LANGUAGE_STANDARD = gnu11;
				GCC_DYNAMIC_NO_PIC = NO;
				GCC_NO_COMMON_BLOCKS = YES;
				GCC_OPTIMIZATION_LEVEL = 0;
				GCC_PREPROCESSOR_DEFINITIONS = (
					"DEBUG=1",
					"$(inherited)",
				);
				GCC_WARN_64_TO_32_BIT_CONVERSION = YES;
				GCC_WARN_ABOUT_RETURN_TYPE = YES_ERROR;
				GCC_WARN_UNDECLARED_SELECTOR = YES;
				GCC_WARN_UNINITIALIZED_AUTOS = YES_AGGRESSIVE;
				GCC_WARN_UNUSED_FUNCTION = YES;
				GCC_WARN_UNUSED_VARIABLE = YES;
				IPHONEOS_DEPLOYMENT_TARGET = 14.5;
				MTL_ENABLE_DEBUG_INFO = INCLUDE_SOURCE;
				MTL_FAST_MATH = YES;
				ONLY_ACTIVE_ARCH = YES;
				SDKROOT = iphoneos;
				SWIFT_ACTIVE_COMPILATION_CONDITIONS = DEBUG;
				SWIFT_OPTIMIZATION_LEVEL = "-Onone";
			};
			name = Debug;
		};
		B5E1E21926B5552600F44092 /* Release */ = {
			isa = XCBuildConfiguration;
			buildSettings = {
				ALWAYS_SEARCH_USER_PATHS = NO;
				CLANG_ANALYZER_NONNULL = YES;
				CLANG_ANALYZER_NUMBER_OBJECT_CONVERSION = YES_AGGRESSIVE;
				CLANG_CXX_LANGUAGE_STANDARD = "gnu++14";
				CLANG_CXX_LIBRARY = "libc++";
				CLANG_ENABLE_MODULES = YES;
				CLANG_ENABLE_OBJC_ARC = YES;
				CLANG_ENABLE_OBJC_WEAK = YES;
				CLANG_WARN_BLOCK_CAPTURE_AUTORELEASING = YES;
				CLANG_WARN_BOOL_CONVERSION = YES;
				CLANG_WARN_COMMA = YES;
				CLANG_WARN_CONSTANT_CONVERSION = YES;
				CLANG_WARN_DEPRECATED_OBJC_IMPLEMENTATIONS = YES;
				CLANG_WARN_DIRECT_OBJC_ISA_USAGE = YES_ERROR;
				CLANG_WARN_DOCUMENTATION_COMMENTS = YES;
				CLANG_WARN_EMPTY_BODY = YES;
				CLANG_WARN_ENUM_CONVERSION = YES;
				CLANG_WARN_INFINITE_RECURSION = YES;
				CLANG_WARN_INT_CONVERSION = YES;
				CLANG_WARN_NON_LITERAL_NULL_CONVERSION = YES;
				CLANG_WARN_OBJC_IMPLICIT_RETAIN_SELF = YES;
				CLANG_WARN_OBJC_LITERAL_CONVERSION = YES;
				CLANG_WARN_OBJC_ROOT_CLASS = YES_ERROR;
				CLANG_WARN_QUOTED_INCLUDE_IN_FRAMEWORK_HEADER = YES;
				CLANG_WARN_RANGE_LOOP_ANALYSIS = YES;
				CLANG_WARN_STRICT_PROTOTYPES = YES;
				CLANG_WARN_SUSPICIOUS_MOVE = YES;
				CLANG_WARN_UNGUARDED_AVAILABILITY = YES_AGGRESSIVE;
				CLANG_WARN_UNREACHABLE_CODE = YES;
				CLANG_WARN__DUPLICATE_METHOD_MATCH = YES;
				COPY_PHASE_STRIP = NO;
				DEBUG_INFORMATION_FORMAT = "dwarf-with-dsym";
				ENABLE_NS_ASSERTIONS = NO;
				ENABLE_STRICT_OBJC_MSGSEND = YES;
				GCC_C_LANGUAGE_STANDARD = gnu11;
				GCC_NO_COMMON_BLOCKS = YES;
				GCC_WARN_64_TO_32_BIT_CONVERSION = YES;
				GCC_WARN_ABOUT_RETURN_TYPE = YES_ERROR;
				GCC_WARN_UNDECLARED_SELECTOR = YES;
				GCC_WARN_UNINITIALIZED_AUTOS = YES_AGGRESSIVE;
				GCC_WARN_UNUSED_FUNCTION = YES;
				GCC_WARN_UNUSED_VARIABLE = YES;
				IPHONEOS_DEPLOYMENT_TARGET = 14.5;
				MTL_ENABLE_DEBUG_INFO = NO;
				MTL_FAST_MATH = YES;
				SDKROOT = iphoneos;
				SWIFT_COMPILATION_MODE = wholemodule;
				SWIFT_OPTIMIZATION_LEVEL = "-O";
				VALIDATE_PRODUCT = YES;
			};
			name = Release;
		};
		B5E1E21B26B5552600F44092 /* Debug */ = {
			isa = XCBuildConfiguration;
			buildSettings = {
				ASSETCATALOG_COMPILER_APPICON_NAME = AppIcon;
				ASSETCATALOG_COMPILER_GLOBAL_ACCENT_COLOR_NAME = AccentColor;
				CODE_SIGN_ENTITLEMENTS = TestHarness_Phone.entitlements;
				CODE_SIGN_STYLE = Automatic;
				DEVELOPMENT_ASSET_PATHS = "\"Test Harness/Preview Content\"";
				DEVELOPMENT_TEAM = YY6CWUX533;
				ENABLE_PREVIEWS = YES;
				INFOPLIST_FILE = "Test Harness/Info.plist";
				IPHONEOS_DEPLOYMENT_TARGET = 14.0;
				LD_RUNPATH_SEARCH_PATHS = (
					"$(inherited)",
					"@executable_path/Frameworks",
				);
				PRODUCT_BUNDLE_IDENTIFIER = com.standalone.WatchWorkout;
				PRODUCT_NAME = "$(TARGET_NAME)";
				SWIFT_VERSION = 5.0;
				TARGETED_DEVICE_FAMILY = "1,2";
			};
			name = Debug;
		};
		B5E1E21C26B5552600F44092 /* Release */ = {
			isa = XCBuildConfiguration;
			buildSettings = {
				ASSETCATALOG_COMPILER_APPICON_NAME = AppIcon;
				ASSETCATALOG_COMPILER_GLOBAL_ACCENT_COLOR_NAME = AccentColor;
				CODE_SIGN_ENTITLEMENTS = TestHarness_Phone.entitlements;
				CODE_SIGN_STYLE = Automatic;
				DEVELOPMENT_ASSET_PATHS = "\"Test Harness/Preview Content\"";
				DEVELOPMENT_TEAM = YY6CWUX533;
				ENABLE_PREVIEWS = YES;
				INFOPLIST_FILE = "Test Harness/Info.plist";
				IPHONEOS_DEPLOYMENT_TARGET = 14.0;
				LD_RUNPATH_SEARCH_PATHS = (
					"$(inherited)",
					"@executable_path/Frameworks",
				);
				PRODUCT_BUNDLE_IDENTIFIER = com.standalone.WatchWorkout;
				PRODUCT_NAME = "$(TARGET_NAME)";
				SWIFT_VERSION = 5.0;
				TARGETED_DEVICE_FAMILY = "1,2";
			};
			name = Release;
		};
		B5E1E23D26B5559A00F44092 /* Debug */ = {
			isa = XCBuildConfiguration;
			buildSettings = {
				ASSETCATALOG_COMPILER_COMPLICATION_NAME = Complication;
				CODE_SIGN_ENTITLEMENTS = "TestHarness_Watch Extension/TestHarness_Watch Extension.entitlements";
				CODE_SIGN_STYLE = Automatic;
				DEVELOPMENT_ASSET_PATHS = "\"TestHarness_Watch Extension/Preview Content\"";
				DEVELOPMENT_TEAM = YY6CWUX533;
				ENABLE_PREVIEWS = YES;
				INFOPLIST_FILE = "TestHarness_Watch Extension/Info.plist";
				LD_RUNPATH_SEARCH_PATHS = (
					"$(inherited)",
					"@executable_path/Frameworks",
					"@executable_path/../../Frameworks",
				);
				PRODUCT_BUNDLE_IDENTIFIER = com.standalone.WatchWorkout.watchkitapp.watchkitextension;
				PRODUCT_NAME = "${TARGET_NAME}";
				SDKROOT = watchos;
				SKIP_INSTALL = YES;
				SWIFT_VERSION = 5.0;
				TARGETED_DEVICE_FAMILY = 4;
				WATCHOS_DEPLOYMENT_TARGET = 7.4;
			};
			name = Debug;
		};
		B5E1E23E26B5559A00F44092 /* Release */ = {
			isa = XCBuildConfiguration;
			buildSettings = {
				ASSETCATALOG_COMPILER_COMPLICATION_NAME = Complication;
				CODE_SIGN_ENTITLEMENTS = "TestHarness_Watch Extension/TestHarness_Watch Extension.entitlements";
				CODE_SIGN_STYLE = Automatic;
				DEVELOPMENT_ASSET_PATHS = "\"TestHarness_Watch Extension/Preview Content\"";
				DEVELOPMENT_TEAM = YY6CWUX533;
				ENABLE_PREVIEWS = YES;
				INFOPLIST_FILE = "TestHarness_Watch Extension/Info.plist";
				LD_RUNPATH_SEARCH_PATHS = (
					"$(inherited)",
					"@executable_path/Frameworks",
					"@executable_path/../../Frameworks",
				);
				PRODUCT_BUNDLE_IDENTIFIER = com.standalone.WatchWorkout.watchkitapp.watchkitextension;
				PRODUCT_NAME = "${TARGET_NAME}";
				SDKROOT = watchos;
				SKIP_INSTALL = YES;
				SWIFT_VERSION = 5.0;
				TARGETED_DEVICE_FAMILY = 4;
				WATCHOS_DEPLOYMENT_TARGET = 7.4;
			};
			name = Release;
		};
		B5E1E24126B5559A00F44092 /* Debug */ = {
			isa = XCBuildConfiguration;
			buildSettings = {
				ALWAYS_EMBED_SWIFT_STANDARD_LIBRARIES = YES;
				ASSETCATALOG_COMPILER_APPICON_NAME = AppIcon;
				ASSETCATALOG_COMPILER_GLOBAL_ACCENT_COLOR_NAME = AccentColor;
				CODE_SIGN_STYLE = Automatic;
				DEVELOPMENT_TEAM = YY6CWUX533;
				IBSC_MODULE = TestHarness_Watch_Extension;
				INFOPLIST_FILE = TestHarness_Watch/Info.plist;
				PRODUCT_BUNDLE_IDENTIFIER = com.standalone.WatchWorkout.watchkitapp;
				PRODUCT_NAME = "$(TARGET_NAME)";
				SDKROOT = watchos;
				SKIP_INSTALL = YES;
				SWIFT_VERSION = 5.0;
				TARGETED_DEVICE_FAMILY = 4;
				WATCHOS_DEPLOYMENT_TARGET = 7.4;
			};
			name = Debug;
		};
		B5E1E24226B5559A00F44092 /* Release */ = {
			isa = XCBuildConfiguration;
			buildSettings = {
				ALWAYS_EMBED_SWIFT_STANDARD_LIBRARIES = YES;
				ASSETCATALOG_COMPILER_APPICON_NAME = AppIcon;
				ASSETCATALOG_COMPILER_GLOBAL_ACCENT_COLOR_NAME = AccentColor;
				CODE_SIGN_STYLE = Automatic;
				DEVELOPMENT_TEAM = YY6CWUX533;
				IBSC_MODULE = TestHarness_Watch_Extension;
				INFOPLIST_FILE = TestHarness_Watch/Info.plist;
				PRODUCT_BUNDLE_IDENTIFIER = com.standalone.WatchWorkout.watchkitapp;
				PRODUCT_NAME = "$(TARGET_NAME)";
				SDKROOT = watchos;
				SKIP_INSTALL = YES;
				SWIFT_VERSION = 5.0;
				TARGETED_DEVICE_FAMILY = 4;
				WATCHOS_DEPLOYMENT_TARGET = 7.4;
			};
			name = Release;
		};
/* End XCBuildConfiguration section */

/* Begin XCConfigurationList section */
		B5E1E20626B5552500F44092 /* Build configuration list for PBXProject "WatchWorkout" */ = {
			isa = XCConfigurationList;
			buildConfigurations = (
				B5E1E21826B5552600F44092 /* Debug */,
				B5E1E21926B5552600F44092 /* Release */,
			);
			defaultConfigurationIsVisible = 0;
			defaultConfigurationName = Release;
		};
		B5E1E21A26B5552600F44092 /* Build configuration list for PBXNativeTarget "TestHarness_Phone" */ = {
			isa = XCConfigurationList;
			buildConfigurations = (
				B5E1E21B26B5552600F44092 /* Debug */,
				B5E1E21C26B5552600F44092 /* Release */,
			);
			defaultConfigurationIsVisible = 0;
			defaultConfigurationName = Release;
		};
		B5E1E23C26B5559A00F44092 /* Build configuration list for PBXNativeTarget "TestHarness_Watch Extension" */ = {
			isa = XCConfigurationList;
			buildConfigurations = (
				B5E1E23D26B5559A00F44092 /* Debug */,
				B5E1E23E26B5559A00F44092 /* Release */,
			);
			defaultConfigurationIsVisible = 0;
			defaultConfigurationName = Release;
		};
		B5E1E24026B5559A00F44092 /* Build configuration list for PBXNativeTarget "TestHarness_Watch" */ = {
			isa = XCConfigurationList;
			buildConfigurations = (
				B5E1E24126B5559A00F44092 /* Debug */,
				B5E1E24226B5559A00F44092 /* Release */,
			);
			defaultConfigurationIsVisible = 0;
			defaultConfigurationName = Release;
		};
/* End XCConfigurationList section */

/* Begin XCRemoteSwiftPackageReference section */
		B5E1E24926B556F000F44092 /* XCRemoteSwiftPackageReference "portal" */ = {
			isa = XCRemoteSwiftPackageReference;
			repositoryURL = "https://github.com/bengottlieb/portal";
			requirement = {
				kind = upToNextMajorVersion;
				minimumVersion = 0.0.27;
			};
		};
		B5E1E24C26B5570000F44092 /* XCRemoteSwiftPackageReference "suite" */ = {
			isa = XCRemoteSwiftPackageReference;
			repositoryURL = "https://github.com/bengottlieb/suite";
			requirement = {
				kind = upToNextMajorVersion;
				minimumVersion = 0.10.84;
			};
		};
/* End XCRemoteSwiftPackageReference section */

/* Begin XCSwiftPackageProductDependency section */
		B5E1E24A26B556F000F44092 /* Portal */ = {
			isa = XCSwiftPackageProductDependency;
			package = B5E1E24926B556F000F44092 /* XCRemoteSwiftPackageReference "portal" */;
			productName = Portal;
		};
		B5E1E24D26B5570000F44092 /* Suite */ = {
			isa = XCSwiftPackageProductDependency;
			package = B5E1E24C26B5570000F44092 /* XCRemoteSwiftPackageReference "suite" */;
			productName = Suite;
		};
/* End XCSwiftPackageProductDependency section */
	};
	rootObject = B5E1E20326B5552500F44092 /* Project object */;
}
