{
  "object": {
    "pins": [
      {
        "package": "Suite",
        "repositoryURL": "https://github.com/bengottlieb/suite",
        "state": {
          "branch": null,
          "revision": "fe93208aca7aafbe2ada2425e7577618595f9d14",
          "version": "0.10.86"
        }
      }
    ]
  },
  "version": 1
}
