{
  "object": {
    "pins": [
      {
        "package": "Suite",
        "repositoryURL": "https://github.com/bengottlieb/suite",
        "state": {
          "branch": null,
          "revision": "824a089b790a5704509752e1f7336125a9960002",
          "version": "0.10.84"
        }
      }
    ]
  },
  "version": 1
}
